
Microsoft Visual Studio Solution File, Format Version 12.00
# Visual Studio 15
VisualStudioVersion = 15.0.28307.168
MinimumVisualStudioVersion = 10.0.40219.1
Project("{9A19103F-16F7-4668-BE54-9A1E7A4F7556}") = "WorkoutAPI", "WorkoutAPI\WorkoutAPI.csproj", "{C7AF74C2-CBAB-44E8-9169-8A7ECD2BB1B6}"
EndProject
Project("{9A19103F-16F7-4668-BE54-9A1E7A4F7556}") = "WorkoutCompanion", "Workout Companion\WorkoutCompanion.csproj", "{277F90A2-0039-4B42-83B7-2C42010CFEA1}"
EndProject
Project("{9A19103F-16F7-4668-BE54-9A1E7A4F7556}") = "ConsoleApp1", "ConsoleApp1\ConsoleApp1.csproj", "{D8987A3B-5F67-4081-A59B-EC03AA34C50B}"
EndProject
Global
	GlobalSection(SolutionConfigurationPlatforms) = preSolution
		Debug|Any CPU = Debug|Any CPU
		Release|Any CPU = Release|Any CPU
	EndGlobalSection
	GlobalSection(ProjectConfigurationPlatforms) = postSolution
		{C7AF74C2-CBAB-44E8-9169-8A7ECD2BB1B6}.Debug|Any CPU.ActiveCfg = Debug|Any CPU
		{C7AF74C2-CBAB-44E8-9169-8A7ECD2BB1B6}.Debug|Any CPU.Build.0 = Debug|Any CPU
		{C7AF74C2-CBAB-44E8-9169-8A7ECD2BB1B6}.Release|Any CPU.ActiveCfg = Release|Any CPU
		{C7AF74C2-CBAB-44E8-9169-8A7ECD2BB1B6}.Release|Any CPU.Build.0 = Release|Any CPU
		{277F90A2-0039-4B42-83B7-2C42010CFEA1}.Debug|Any CPU.ActiveCfg = Debug|Any CPU
		{277F90A2-0039-4B42-83B7-2C42010CFEA1}.Debug|Any CPU.Build.0 = Debug|Any CPU
		{277F90A2-0039-4B42-83B7-2C42010CFEA1}.Release|Any CPU.ActiveCfg = Release|Any CPU
		{277F90A2-0039-4B42-83B7-2C42010CFEA1}.Release|Any CPU.Build.0 = Release|Any CPU
		{D8987A3B-5F67-4081-A59B-EC03AA34C50B}.Debug|Any CPU.ActiveCfg = Debug|Any CPU
		{D8987A3B-5F67-4081-A59B-EC03AA34C50B}.Debug|Any CPU.Build.0 = Debug|Any CPU
		{D8987A3B-5F67-4081-A59B-EC03AA34C50B}.Release|Any CPU.ActiveCfg = Release|Any CPU
		{D8987A3B-5F67-4081-A59B-EC03AA34C50B}.Release|Any CPU.Build.0 = Release|Any CPU
	EndGlobalSection
	GlobalSection(SolutionProperties) = preSolution
		HideSolutionNode = FALSE
	EndGlobalSection
	GlobalSection(ExtensibilityGlobals) = postSolution
		SolutionGuid = {2AD98AEF-3DA4-4E0F-82F9-3D7F698203A3}
	EndGlobalSection
EndGlobal
